// !$*UTF8*$!
{
	archiveVersion = 1;
	classes = {
	};
	objectVersion = 46;
	objects = {

/* Begin PBXBuildFile section */
		A1884FF91A8168E3005EA17F /* AppDelegate.swift in Sources */ = {isa = PBXBuildFile; fileRef = A1884FF81A8168E3005EA17F /* AppDelegate.swift */; };
		A1884FFB1A8168E3005EA17F /* ViewController.swift in Sources */ = {isa = PBXBuildFile; fileRef = A1884FFA1A8168E3005EA17F /* ViewController.swift */; };
		A1884FFE1A8168E3005EA17F /* Main.storyboard in Resources */ = {isa = PBXBuildFile; fileRef = A1884FFC1A8168E3005EA17F /* Main.storyboard */; };
		A18850001A8168E3005EA17F /* Images.xcassets in Resources */ = {isa = PBXBuildFile; fileRef = A1884FFF1A8168E3005EA17F /* Images.xcassets */; };
		A18850031A8168E3005EA17F /* LaunchScreen.xib in Resources */ = {isa = PBXBuildFile; fileRef = A18850011A8168E3005EA17F /* LaunchScreen.xib */; };
		A188500F1A8168E3005EA17F /* testPostTests.swift in Sources */ = {isa = PBXBuildFile; fileRef = A188500E1A8168E3005EA17F /* testPostTests.swift */; };
		A18850191A816911005EA17F /* 09_08-672x372.jpg in Resources */ = {isa = PBXBuildFile; fileRef = A18850181A816911005EA17F /* 09_08-672x372.jpg */; };
		A188501B1A816919005EA17F /* AlbertEinsteinStamp.jpg in Resources */ = {isa = PBXBuildFile; fileRef = A188501A1A816919005EA17F /* AlbertEinsteinStamp.jpg */; };
		A188501D1A81691F005EA17F /* SagradaFamilia.jpeg in Resources */ = {isa = PBXBuildFile; fileRef = A188501C1A81691F005EA17F /* SagradaFamilia.jpeg */; };
/* End PBXBuildFile section */

/* Begin PBXContainerItemProxy section */
		A18850091A8168E3005EA17F /* PBXContainerItemProxy */ = {
			isa = PBXContainerItemProxy;
			containerPortal = A1884FEB1A8168E3005EA17F /* Project object */;
			proxyType = 1;
			remoteGlobalIDString = A1884FF21A8168E3005EA17F;
			remoteInfo = testPost;
		};
/* End PBXContainerItemProxy section */

/* Begin PBXFileReference section */
		A1884FF31A8168E3005EA17F /* testPost.app */ = {isa = PBXFileReference; explicitFileType = wrapper.application; includeInIndex = 0; path = testPost.app; sourceTree = BUILT_PRODUCTS_DIR; };
		A1884FF71A8168E3005EA17F /* Info.plist */ = {isa = PBXFileReference; lastKnownFileType = text.plist.xml; path = Info.plist; sourceTree = "<group>"; };
		A1884FF81A8168E3005EA17F /* AppDelegate.swift */ = {isa = PBXFileReference; lastKnownFileType = sourcecode.swift; path = AppDelegate.swift; sourceTree = "<group>"; };
		A1884FFA1A8168E3005EA17F /* ViewController.swift */ = {isa = PBXFileReference; lastKnownFileType = sourcecode.swift; path = ViewController.swift; sourceTree = "<group>"; };
		A1884FFD1A8168E3005EA17F /* Base */ = {isa = PBXFileReference; lastKnownFileType = file.storyboard; name = Base; path = Base.lproj/Main.storyboard; sourceTree = "<group>"; };
		A1884FFF1A8168E3005EA17F /* Images.xcassets */ = {isa = PBXFileReference; lastKnownFileType = folder.assetcatalog; path = Images.xcassets; sourceTree = "<group>"; };
		A18850021A8168E3005EA17F /* Base */ = {isa = PBXFileReference; lastKnownFileType = file.xib; name = Base; path = Base.lproj/LaunchScreen.xib; sourceTree = "<group>"; };
		A18850081A8168E3005EA17F /* testPostTests.xctest */ = {isa = PBXFileReference; explicitFileType = wrapper.cfbundle; includeInIndex = 0; path = testPostTests.xctest; sourceTree = BUILT_PRODUCTS_DIR; };
		A188500D1A8168E3005EA17F /* Info.plist */ = {isa = PBXFileReference; lastKnownFileType = text.plist.xml; path = Info.plist; sourceTree = "<group>"; };
		A188500E1A8168E3005EA17F /* testPostTests.swift */ = {isa = PBXFileReference; lastKnownFileType = sourcecode.swift; path = testPostTests.swift; sourceTree = "<group>"; };
		A18850181A816911005EA17F /* 09_08-672x372.jpg */ = {isa = PBXFileReference; lastKnownFileType = image.jpeg; path = "09_08-672x372.jpg"; sourceTree = "<group>"; };
		A188501A1A816919005EA17F /* AlbertEinsteinStamp.jpg */ = {isa = PBXFileReference; lastKnownFileType = image.jpeg; path = AlbertEinsteinStamp.jpg; sourceTree = "<group>"; };
		A188501C1A81691F005EA17F /* SagradaFamilia.jpeg */ = {isa = PBXFileReference; lastKnownFileType = image.jpeg; path = SagradaFamilia.jpeg; sourceTree = "<group>"; };
/* End PBXFileReference section */

/* Begin PBXFrameworksBuildPhase section */
		A1884FF01A8168E3005EA17F /* Frameworks */ = {
			isa = PBXFrameworksBuildPhase;
			buildActionMask = 2147483647;
			files = (
			);
			runOnlyForDeploymentPostprocessing = 0;
		};
		A18850051A8168E3005EA17F /* Frameworks */ = {
			isa = PBXFrameworksBuildPhase;
			buildActionMask = 2147483647;
			files = (
			);
			runOnlyForDeploymentPostprocessing = 0;
		};
/* End PBXFrameworksBuildPhase section */

/* Begin PBXGroup section */
		A1884FEA1A8168E3005EA17F = {
			isa = PBXGroup;
			children = (
				A1884FF51A8168E3005EA17F /* testPost */,
				A188500B1A8168E3005EA17F /* testPostTests */,
				A1884FF41A8168E3005EA17F /* Products */,
			);
			sourceTree = "<group>";
		};
		A1884FF41A8168E3005EA17F /* Products */ = {
			isa = PBXGroup;
			children = (
				A1884FF31A8168E3005EA17F /* testPost.app */,
				A18850081A8168E3005EA17F /* testPostTests.xctest */,
			);
			name = Products;
			sourceTree = "<group>";
		};
		A1884FF51A8168E3005EA17F /* testPost */ = {
			isa = PBXGroup;
			children = (
				A1884FF81A8168E3005EA17F /* AppDelegate.swift */,
				A1884FFA1A8168E3005EA17F /* ViewController.swift */,
				A1884FFC1A8168E3005EA17F /* Main.storyboard */,
				A1884FFF1A8168E3005EA17F /* Images.xcassets */,
				A18850011A8168E3005EA17F /* LaunchScreen.xib */,
				A1884FF61A8168E3005EA17F /* Supporting Files */,
			);
			path = testPost;
			sourceTree = "<group>";
		};
		A1884FF61A8168E3005EA17F /* Supporting Files */ = {
			isa = PBXGroup;
			children = (
				A188501C1A81691F005EA17F /* SagradaFamilia.jpeg */,
				A188501A1A816919005EA17F /* AlbertEinsteinStamp.jpg */,
				A1884FF71A8168E3005EA17F /* Info.plist */,
				A18850181A816911005EA17F /* 09_08-672x372.jpg */,
			);
			name = "Supporting Files";
			sourceTree = "<group>";
		};
		A188500B1A8168E3005EA17F /* testPostTests */ = {
			isa = PBXGroup;
			children = (
				A188500E1A8168E3005EA17F /* testPostTests.swift */,
				A188500C1A8168E3005EA17F /* Supporting Files */,
			);
			path = testPostTests;
			sourceTree = "<group>";
		};
		A188500C1A8168E3005EA17F /* Supporting Files */ = {
			isa = PBXGroup;
			children = (
				A188500D1A8168E3005EA17F /* Info.plist */,
			);
			name = "Supporting Files";
			sourceTree = "<group>";
		};
/* End PBXGroup section */

/* Begin PBXNativeTarget section */
		A1884FF21A8168E3005EA17F /* testPost */ = {
			isa = PBXNativeTarget;
			buildConfigurationList = A18850121A8168E3005EA17F /* Build configuration list for PBXNativeTarget "testPost" */;
			buildPhases = (
				A1884FEF1A8168E3005EA17F /* Sources */,
				A1884FF01A8168E3005EA17F /* Frameworks */,
				A1884FF11A8168E3005EA17F /* Resources */,
			);
			buildRules = (
			);
			dependencies = (
			);
			name = testPost;
			productName = testPost;
			productReference = A1884FF31A8168E3005EA17F /* testPost.app */;
			productType = "com.apple.product-type.application";
		};
		A18850071A8168E3005EA17F /* testPostTests */ = {
			isa = PBXNativeTarget;
			buildConfigurationList = A18850151A8168E3005EA17F /* Build configuration list for PBXNativeTarget "testPostTests" */;
			buildPhases = (
				A18850041A8168E3005EA17F /* Sources */,
				A18850051A8168E3005EA17F /* Frameworks */,
				A18850061A8168E3005EA17F /* Resources */,
			);
			buildRules = (
			);
			dependencies = (
				A188500A1A8168E3005EA17F /* PBXTargetDependency */,
			);
			name = testPostTests;
			productName = testPostTests;
			productReference = A18850081A8168E3005EA17F /* testPostTests.xctest */;
			productType = "com.apple.product-type.bundle.unit-test";
		};
/* End PBXNativeTarget section */

/* Begin PBXProject section */
		A1884FEB1A8168E3005EA17F /* Project object */ = {
			isa = PBXProject;
			attributes = {
				LastUpgradeCheck = 0610;
				ORGANIZATIONNAME = "Gary Cook";
				TargetAttributes = {
					A1884FF21A8168E3005EA17F = {
						CreatedOnToolsVersion = 6.1.1;
					};
					A18850071A8168E3005EA17F = {
						CreatedOnToolsVersion = 6.1.1;
						TestTargetID = A1884FF21A8168E3005EA17F;
					};
				};
			};
			buildConfigurationList = A1884FEE1A8168E3005EA17F /* Build configuration list for PBXProject "testPost" */;
			compatibilityVersion = "Xcode 3.2";
			developmentRegion = English;
			hasScannedForEncodings = 0;
			knownRegions = (
				en,
				Base,
			);
			mainGroup = A1884FEA1A8168E3005EA17F;
			productRefGroup = A1884FF41A8168E3005EA17F /* Products */;
			projectDirPath = "";
			projectRoot = "";
			targets = (
				A1884FF21A8168E3005EA17F /* testPost */,
				A18850071A8168E3005EA17F /* testPostTests */,
			);
		};
/* End PBXProject section */

/* Begin PBXResourcesBuildPhase section */
		A1884FF11A8168E3005EA17F /* Resources */ = {
			isa = PBXResourcesBuildPhase;
			buildActionMask = 2147483647;
			files = (
				A18850191A816911005EA17F /* 09_08-672x372.jpg in Resources */,
				A1884FFE1A8168E3005EA17F /* Main.storyboard in Resources */,
				A188501B1A816919005EA17F /* AlbertEinsteinStamp.jpg in Resources */,
				A18850031A8168E3005EA17F /* LaunchScreen.xib in Resources */,
				A18850001A8168E3005EA17F /* Images.xcassets in Resources */,
				A188501D1A81691F005EA17F /* SagradaFamilia.jpeg in Resources */,
			);
			runOnlyForDeploymentPostprocessing = 0;
		};
		A18850061A8168E3005EA17F /* Resources */ = {
			isa = PBXResourcesBuildPhase;
			buildActionMask = 2147483647;
			files = (
			);
			runOnlyForDeploymentPostprocessing = 0;
		};
/* End PBXResourcesBuildPhase section */

/* Begin PBXSourcesBuildPhase section */
		A1884FEF1A8168E3005EA17F /* Sources */ = {
			isa = PBXSourcesBuildPhase;
			buildActionMask = 2147483647;
			files = (
				A1884FFB1A8168E3005EA17F /* ViewController.swift in Sources */,
				A1884FF91A8168E3005EA17F /* AppDelegate.swift in Sources */,
			);
			runOnlyForDeploymentPostprocessing = 0;
		};
		A18850041A8168E3005EA17F /* Sources */ = {
			isa = PBXSourcesBuildPhase;
			buildActionMask = 2147483647;
			files = (
				A188500F1A8168E3005EA17F /* testPostTests.swift in Sources */,
			);
			runOnlyForDeploymentPostprocessing = 0;
		};
/* End PBXSourcesBuildPhase section */

/* Begin PBXTargetDependency section */
		A188500A1A8168E3005EA17F /* PBXTargetDependency */ = {
			isa = PBXTargetDependency;
			target = A1884FF21A8168E3005EA17F /* testPost */;
			targetProxy = A18850091A8168E3005EA17F /* PBXContainerItemProxy */;
		};
/* End PBXTargetDependency section */

/* Begin PBXVariantGroup section */
		A1884FFC1A8168E3005EA17F /* Main.storyboard */ = {
			isa = PBXVariantGroup;
			children = (
				A1884FFD1A8168E3005EA17F /* Base */,
			);
			name = Main.storyboard;
			sourceTree = "<group>";
		};
		A18850011A8168E3005EA17F /* LaunchScreen.xib */ = {
			isa = PBXVariantGroup;
			children = (
				A18850021A8168E3005EA17F /* Base */,
			);
			name = LaunchScreen.xib;
			sourceTree = "<group>";
		};
/* End PBXVariantGroup section */

/* Begin XCBuildConfiguration section */
		A18850101A8168E3005EA17F /* Debug */ = {
			isa = XCBuildConfiguration;
			buildSettings = {
				ALWAYS_SEARCH_USER_PATHS = NO;
				CLANG_CXX_LANGUAGE_STANDARD = "gnu++0x";
				CLANG_CXX_LIBRARY = "libc++";
				CLANG_ENABLE_MODULES = YES;
				CLANG_ENABLE_OBJC_ARC = YES;
				CLANG_WARN_BOOL_CONVERSION = YES;
				CLANG_WARN_CONSTANT_CONVERSION = YES;
				CLANG_WARN_DIRECT_OBJC_ISA_USAGE = YES_ERROR;
				CLANG_WARN_EMPTY_BODY = YES;
				CLANG_WARN_ENUM_CONVERSION = YES;
				CLANG_WARN_INT_CONVERSION = YES;
				CLANG_WARN_OBJC_ROOT_CLASS = YES_ERROR;
				CLANG_WARN_UNREACHABLE_CODE = YES;
				CLANG_WARN__DUPLICATE_METHOD_MATCH = YES;
				"CODE_SIGN_IDENTITY[sdk=iphoneos*]" = "iPhone Developer";
				COPY_PHASE_STRIP = NO;
				ENABLE_STRICT_OBJC_MSGSEND = YES;
				GCC_C_LANGUAGE_STANDARD = gnu99;
				GCC_DYNAMIC_NO_PIC = NO;
				GCC_OPTIMIZATION_LEVEL = 0;
				GCC_PREPROCESSOR_DEFINITIONS = (
					"DEBUG=1",
					"$(inherited)",
				);
				GCC_SYMBOLS_PRIVATE_EXTERN = NO;
				GCC_WARN_64_TO_32_BIT_CONVERSION = YES;
				GCC_WARN_ABOUT_RETURN_TYPE = YES_ERROR;
				GCC_WARN_UNDECLARED_SELECTOR = YES;
				GCC_WARN_UNINITIALIZED_AUTOS = YES_AGGRESSIVE;
				GCC_WARN_UNUSED_FUNCTION = YES;
				GCC_WARN_UNUSED_VARIABLE = YES;
				IPHONEOS_DEPLOYMENT_TARGET = 8.1;
				MTL_ENABLE_DEBUG_INFO = YES;
				ONLY_ACTIVE_ARCH = YES;
				SDKROOT = iphoneos;
				SWIFT_OPTIMIZATION_LEVEL = "-Onone";
			};
			name = Debug;
		};
		A18850111A8168E3005EA17F /* Release */ = {
			isa = XCBuildConfiguration;
			buildSettings = {
				ALWAYS_SEARCH_USER_PATHS = NO;
				CLANG_CXX_LANGUAGE_STANDARD = "gnu++0x";
				CLANG_CXX_LIBRARY = "libc++";
				CLANG_ENABLE_MODULES = YES;
				CLANG_ENABLE_OBJC_ARC = YES;
				CLANG_WARN_BOOL_CONVERSION = YES;
				CLANG_WARN_CONSTANT_CONVERSION = YES;
				CLANG_WARN_DIRECT_OBJC_ISA_USAGE = YES_ERROR;
				CLANG_WARN_EMPTY_BODY = YES;
				CLANG_WARN_ENUM_CONVERSION = YES;
				CLANG_WARN_INT_CONVERSION = YES;
				CLANG_WARN_OBJC_ROOT_CLASS = YES_ERROR;
				CLANG_WARN_UNREACHABLE_CODE = YES;
				CLANG_WARN__DUPLICATE_METHOD_MATCH = YES;
				"CODE_SIGN_IDENTITY[sdk=iphoneos*]" = "iPhone Developer";
				COPY_PHASE_STRIP = YES;
				ENABLE_NS_ASSERTIONS = NO;
				ENABLE_STRICT_OBJC_MSGSEND = YES;
				GCC_C_LANGUAGE_STANDARD = gnu99;
				GCC_WARN_64_TO_32_BIT_CONVERSION = YES;
				GCC_WARN_ABOUT_RETURN_TYPE = YES_ERROR;
				GCC_WARN_UNDECLARED_SELECTOR = YES;
				GCC_WARN_UNINITIALIZED_AUTOS = YES_AGGRESSIVE;
				GCC_WARN_UNUSED_FUNCTION = YES;
				GCC_WARN_UNUSED_VARIABLE = YES;
				IPHONEOS_DEPLOYMENT_TARGET = 8.1;
				MTL_ENABLE_DEBUG_INFO = NO;
				SDKROOT = iphoneos;
				VALIDATE_PRODUCT = YES;
			};
			name = Release;
		};
		A18850131A8168E3005EA17F /* Debug */ = {
			isa = XCBuildConfiguration;
			buildSettings = {
				ASSETCATALOG_COMPILER_APPICON_NAME = AppIcon;
				INFOPLIST_FILE = testPost/Info.plist;
				LD_RUNPATH_SEARCH_PATHS = "$(inherited) @executable_path/Frameworks";
				PRODUCT_NAME = "$(TARGET_NAME)";
			};
			name = Debug;
		};
		A18850141A8168E3005EA17F /* Release */ = {
			isa = XCBuildConfiguration;
			buildSettings = {
				ASSETCATALOG_COMPILER_APPICON_NAME = AppIcon;
				INFOPLIST_FILE = testPost/Info.plist;
				LD_RUNPATH_SEARCH_PATHS = "$(inherited) @executable_path/Frameworks";
				PRODUCT_NAME = "$(TARGET_NAME)";
			};
			name = Release;
		};
		A18850161A8168E3005EA17F /* Debug */ = {
			isa = XCBuildConfiguration;
			buildSettings = {
				BUNDLE_LOADER = "$(TEST_HOST)";
				FRAMEWORK_SEARCH_PATHS = (
					"$(SDKROOT)/Developer/Library/Frameworks",
					"$(inherited)",
				);
				GCC_PREPROCESSOR_DEFINITIONS = (
					"DEBUG=1",
					"$(inherited)",
				);
				INFOPLIST_FILE = testPostTests/Info.plist;
				LD_RUNPATH_SEARCH_PATHS = "$(inherited) @executable_path/Frameworks @loader_path/Frameworks";
				PRODUCT_NAME = "$(TARGET_NAME)";
				TEST_HOST = "$(BUILT_PRODUCTS_DIR)/testPost.app/testPost";
			};
			name = Debug;
		};
		A18850171A8168E3005EA17F /* Release */ = {
			isa = XCBuildConfiguration;
			buildSettings = {
				BUNDLE_LOADER = "$(TEST_HOST)";
				FRAMEWORK_SEARCH_PATHS = (
					"$(SDKROOT)/Developer/Library/Frameworks",
					"$(inherited)",
				);
				INFOPLIST_FILE = testPostTests/Info.plist;
				LD_RUNPATH_SEARCH_PATHS = "$(inherited) @executable_path/Frameworks @loader_path/Frameworks";
				PRODUCT_NAME = "$(TARGET_NAME)";
				TEST_HOST = "$(BUILT_PRODUCTS_DIR)/testPost.app/testPost";
			};
			name = Release;
		};
/* End XCBuildConfiguration section */

/* Begin XCConfigurationList section */
		A1884FEE1A8168E3005EA17F /* Build configuration list for PBXProject "testPost" */ = {
			isa = XCConfigurationList;
			buildConfigurations = (
				A18850101A8168E3005EA17F /* Debug */,
				A18850111A8168E3005EA17F /* Release */,
			);
			defaultConfigurationIsVisible = 0;
			defaultConfigurationName = Release;
		};
		A18850121A8168E3005EA17F /* Build configuration list for PBXNativeTarget "testPost" */ = {
			isa = XCConfigurationList;
			buildConfigurations = (
				A18850131A8168E3005EA17F /* Debug */,
				A18850141A8168E3005EA17F /* Release */,
			);
			defaultConfigurationIsVisible = 0;
		};
		A18850151A8168E3005EA17F /* Build configuration list for PBXNativeTarget "testPostTests" */ = {
			isa = XCConfigurationList;
			buildConfigurations = (
				A18850161A8168E3005EA17F /* Debug */,
				A18850171A8168E3005EA17F /* Release */,
			);
			defaultConfigurationIsVisible = 0;
		};
/* End XCConfigurationList section */
	};
	rootObject = A1884FEB1A8168E3005EA17F /* Project object */;
}
